
Microsoft Visual Studio Solution File, Format Version 12.00
# Visual Studio Version 16
VisualStudioVersion = 16.0.30517.126
MinimumVisualStudioVersion = 10.0.40219.1
Project("{9A19103F-16F7-4668-BE54-9A1E7A4F7556}") = "PharmacyDBCore", "PharmacyDBCore\PharmacyDBCore.csproj", "{4ECAAFDF-0006-407E-8D04-B81EB5017372}"
EndProject
Project("{FAE04EC0-301F-11D3-BF4B-00C04F79EFBC}") = "ConsoleApp1", "ConsoleApp1\ConsoleApp1.csproj", "{0ACA217C-E42F-4D53-B8AB-67C7A12DA86D}"
EndProject
Global
	GlobalSection(SolutionConfigurationPlatforms) = preSolution
		Debug|Any CPU = Debug|Any CPU
		Debug|x64 = Debug|x64
		Release|Any CPU = Release|Any CPU
		Release|x64 = Release|x64
	EndGlobalSection
	GlobalSection(ProjectConfigurationPlatforms) = postSolution
		{4ECAAFDF-0006-407E-8D04-B81EB5017372}.Debug|Any CPU.ActiveCfg = Debug|Any CPU
		{4ECAAFDF-0006-407E-8D04-B81EB5017372}.Debug|Any CPU.Build.0 = Debug|Any CPU
		{4ECAAFDF-0006-407E-8D04-B81EB5017372}.Debug|x64.ActiveCfg = Debug|x64
		{4ECAAFDF-0006-407E-8D04-B81EB5017372}.Debug|x64.Build.0 = Debug|x64
		{4ECAAFDF-0006-407E-8D04-B81EB5017372}.Release|Any CPU.ActiveCfg = Release|Any CPU
		{4ECAAFDF-0006-407E-8D04-B81EB5017372}.Release|Any CPU.Build.0 = Release|Any CPU
		{4ECAAFDF-0006-407E-8D04-B81EB5017372}.Release|x64.ActiveCfg = Release|x64
		{4ECAAFDF-0006-407E-8D04-B81EB5017372}.Release|x64.Build.0 = Release|x64
		{0ACA217C-E42F-4D53-B8AB-67C7A12DA86D}.Debug|Any CPU.ActiveCfg = Debug|Any CPU
		{0ACA217C-E42F-4D53-B8AB-67C7A12DA86D}.Debug|Any CPU.Build.0 = Debug|Any CPU
		{0ACA217C-E42F-4D53-B8AB-67C7A12DA86D}.Debug|x64.ActiveCfg = Debug|Any CPU
		{0ACA217C-E42F-4D53-B8AB-67C7A12DA86D}.Debug|x64.Build.0 = Debug|Any CPU
		{0ACA217C-E42F-4D53-B8AB-67C7A12DA86D}.Release|Any CPU.ActiveCfg = Release|Any CPU
		{0ACA217C-E42F-4D53-B8AB-67C7A12DA86D}.Release|Any CPU.Build.0 = Release|Any CPU
		{0ACA217C-E42F-4D53-B8AB-67C7A12DA86D}.Release|x64.ActiveCfg = Release|Any CPU
		{0ACA217C-E42F-4D53-B8AB-67C7A12DA86D}.Release|x64.Build.0 = Release|Any CPU
	EndGlobalSection
	GlobalSection(SolutionProperties) = preSolution
		HideSolutionNode = FALSE
	EndGlobalSection
	GlobalSection(ExtensibilityGlobals) = postSolution
		SolutionGuid = {E08715CC-6BDD-4589-9F09-A86DB4704043}
	EndGlobalSection
EndGlobal
